
Microsoft Visual Studio Solution File, Format Version 12.00
Project("{FAE04EC0-301F-11D3-BF4B-00C04F79EFBC}") = "AnagramSolver.BusinessLogic", "AnagramSolver.BusinessLogic\AnagramSolver.BusinessLogic.csproj", "{125CF725-E191-4F07-89EB-3B8BA25083AA}"
EndProject
Global
	GlobalSection(SolutionConfigurationPlatforms) = preSolution
		Debug|Any CPU = Debug|Any CPU
		Release|Any CPU = Release|Any CPU
	EndGlobalSection
	GlobalSection(ProjectConfigurationPlatforms) = postSolution
		{125CF725-E191-4F07-89EB-3B8BA25083AA}.Debug|Any CPU.ActiveCfg = Debug|Any CPU
		{125CF725-E191-4F07-89EB-3B8BA25083AA}.Debug|Any CPU.Build.0 = Debug|Any CPU
		{125CF725-E191-4F07-89EB-3B8BA25083AA}.Release|Any CPU.ActiveCfg = Release|Any CPU
		{125CF725-E191-4F07-89EB-3B8BA25083AA}.Release|Any CPU.Build.0 = Release|Any CPU
	EndGlobalSection
EndGlobal
